dependencies:
- name: kube-state-metrics
  repository: https://prometheus-community.github.io/helm-charts
  version: 4.7.0
- name: prometheus-node-exporter
  repository: https://prometheus-community.github.io/helm-charts
  version: 2.0.4
- name: prometheus-pushgateway
  repository: https://prometheus-community.github.io/helm-charts
  version: 1.16.1
digest: sha256:f22165d8231ca1c64e42136e6744dddf6528e8f58de497d35c89df4ad31b1065
generated: "2022-03-20T11:46:53.827492+02:00"
